
Microsoft Visual Studio Solution File, Format Version 12.00
# Visual Studio Version 17
VisualStudioVersion = 17.4.33403.182
MinimumVisualStudioVersion = 10.0.40219.1
Project("{FAE04EC0-301F-11D3-BF4B-00C04F79EFBC}") = "OnionArchitectureApi", "OnionArchitectureApi\OnionArchitectureApi.csproj", "{BB77AD00-77CC-4E28-899F-73C46219F36D}"
EndProject
Project("{FAE04EC0-301F-11D3-BF4B-00C04F79EFBC}") = "Entities", "Entities\Entities.csproj", "{167307AE-BE96-4C7F-89BF-BD34D0E6E67A}"
EndProject
Project("{FAE04EC0-301F-11D3-BF4B-00C04F79EFBC}") = "Repository", "Repository\Repository.csproj", "{D1F7CCCE-6B1E-421C-B53D-94027193D68E}"
EndProject
Project("{FAE04EC0-301F-11D3-BF4B-00C04F79EFBC}") = "Contracts", "Contracts\Contracts.csproj", "{0C9954AE-939A-4115-BEA0-47F241E99DD4}"
EndProject
Global
	GlobalSection(SolutionConfigurationPlatforms) = preSolution
		Debug|Any CPU = Debug|Any CPU
		Release|Any CPU = Release|Any CPU
	EndGlobalSection
	GlobalSection(ProjectConfigurationPlatforms) = postSolution
		{BB77AD00-77CC-4E28-899F-73C46219F36D}.Debug|Any CPU.ActiveCfg = Debug|Any CPU
		{BB77AD00-77CC-4E28-899F-73C46219F36D}.Debug|Any CPU.Build.0 = Debug|Any CPU
		{BB77AD00-77CC-4E28-899F-73C46219F36D}.Release|Any CPU.ActiveCfg = Release|Any CPU
		{BB77AD00-77CC-4E28-899F-73C46219F36D}.Release|Any CPU.Build.0 = Release|Any CPU
		{167307AE-BE96-4C7F-89BF-BD34D0E6E67A}.Debug|Any CPU.ActiveCfg = Debug|Any CPU
		{167307AE-BE96-4C7F-89BF-BD34D0E6E67A}.Debug|Any CPU.Build.0 = Debug|Any CPU
		{167307AE-BE96-4C7F-89BF-BD34D0E6E67A}.Release|Any CPU.ActiveCfg = Release|Any CPU
		{167307AE-BE96-4C7F-89BF-BD34D0E6E67A}.Release|Any CPU.Build.0 = Release|Any CPU
		{D1F7CCCE-6B1E-421C-B53D-94027193D68E}.Debug|Any CPU.ActiveCfg = Debug|Any CPU
		{D1F7CCCE-6B1E-421C-B53D-94027193D68E}.Debug|Any CPU.Build.0 = Debug|Any CPU
		{D1F7CCCE-6B1E-421C-B53D-94027193D68E}.Release|Any CPU.ActiveCfg = Release|Any CPU
		{D1F7CCCE-6B1E-421C-B53D-94027193D68E}.Release|Any CPU.Build.0 = Release|Any CPU
		{0C9954AE-939A-4115-BEA0-47F241E99DD4}.Debug|Any CPU.ActiveCfg = Debug|Any CPU
		{0C9954AE-939A-4115-BEA0-47F241E99DD4}.Debug|Any CPU.Build.0 = Debug|Any CPU
		{0C9954AE-939A-4115-BEA0-47F241E99DD4}.Release|Any CPU.ActiveCfg = Release|Any CPU
		{0C9954AE-939A-4115-BEA0-47F241E99DD4}.Release|Any CPU.Build.0 = Release|Any CPU
	EndGlobalSection
	GlobalSection(SolutionProperties) = preSolution
		HideSolutionNode = FALSE
	EndGlobalSection
	GlobalSection(ExtensibilityGlobals) = postSolution
		SolutionGuid = {1343E29A-0E1F-4654-A801-E521B6346031}
	EndGlobalSection
EndGlobal
